// !$*UTF8*$!
{
	archiveVersion = 1;
	classes = {
	};
	objectVersion = 48;
	objects = {

/* Begin PBXBuildFile section */
		3FAF9BD41F8B1ED6009E679C /* UIImageWaterMark+Extension.swift in Sources */ = {isa = PBXBuildFile; fileRef = 3FAF9BD31F8B1ED6009E679C /* UIImageWaterMark+Extension.swift */; };
		3FFDAFFB1F8A6E0F00EE189F /* AppDelegate.swift in Sources */ = {isa = PBXBuildFile; fileRef = 3FFDAFFA1F8A6E0F00EE189F /* AppDelegate.swift */; };
		3FFDAFFD1F8A6E0F00EE189F /* ViewController.swift in Sources */ = {isa = PBXBuildFile; fileRef = 3FFDAFFC1F8A6E0F00EE189F /* ViewController.swift */; };
		3FFDB0001F8A6E0F00EE189F /* Main.storyboard in Resources */ = {isa = PBXBuildFile; fileRef = 3FFDAFFE1F8A6E0F00EE189F /* Main.storyboard */; };
		3FFDB0021F8A6E0F00EE189F /* Assets.xcassets in Resources */ = {isa = PBXBuildFile; fileRef = 3FFDB0011F8A6E0F00EE189F /* Assets.xcassets */; };
		3FFDB0051F8A6E0F00EE189F /* LaunchScreen.storyboard in Resources */ = {isa = PBXBuildFile; fileRef = 3FFDB0031F8A6E0F00EE189F /* LaunchScreen.storyboard */; };
/* End PBXBuildFile section */

/* Begin PBXFileReference section */
		3FAF9BD31F8B1ED6009E679C /* UIImageWaterMark+Extension.swift */ = {isa = PBXFileReference; lastKnownFileType = sourcecode.swift; path = "UIImageWaterMark+Extension.swift"; sourceTree = "<group>"; };
		3FFDAFF71F8A6E0F00EE189F /* WatermarkDemo.app */ = {isa = PBXFileReference; explicitFileType = wrapper.application; includeInIndex = 0; path = WatermarkDemo.app; sourceTree = BUILT_PRODUCTS_DIR; };
		3FFDAFFA1F8A6E0F00EE189F /* AppDelegate.swift */ = {isa = PBXFileReference; lastKnownFileType = sourcecode.swift; path = AppDelegate.swift; sourceTree = "<group>"; };
		3FFDAFFC1F8A6E0F00EE189F /* ViewController.swift */ = {isa = PBXFileReference; lastKnownFileType = sourcecode.swift; path = ViewController.swift; sourceTree = "<group>"; };
		3FFDAFFF1F8A6E0F00EE189F /* Base */ = {isa = PBXFileReference; lastKnownFileType = file.storyboard; name = Base; path = Base.lproj/Main.storyboard; sourceTree = "<group>"; };
		3FFDB0011F8A6E0F00EE189F /* Assets.xcassets */ = {isa = PBXFileReference; lastKnownFileType = folder.assetcatalog; path = Assets.xcassets; sourceTree = "<group>"; };
		3FFDB0041F8A6E0F00EE189F /* Base */ = {isa = PBXFileReference; lastKnownFileType = file.storyboard; name = Base; path = Base.lproj/LaunchScreen.storyboard; sourceTree = "<group>"; };
		3FFDB0061F8A6E0F00EE189F /* Info.plist */ = {isa = PBXFileReference; lastKnownFileType = text.plist.xml; path = Info.plist; sourceTree = "<group>"; };
/* End PBXFileReference section */

/* Begin PBXFrameworksBuildPhase section */
		3FFDAFF41F8A6E0F00EE189F /* Frameworks */ = {
			isa = PBXFrameworksBuildPhase;
			buildActionMask = 2147483647;
			files = (
			);
			runOnlyForDeploymentPostprocessing = 0;
		};
/* End PBXFrameworksBuildPhase section */

/* Begin PBXGroup section */
		3FFDAFEE1F8A6E0F00EE189F = {
			isa = PBXGroup;
			children = (
				3FFDAFF91F8A6E0F00EE189F /* WatermarkDemo */,
				3FFDAFF81F8A6E0F00EE189F /* Products */,
			);
			sourceTree = "<group>";
		};
		3FFDAFF81F8A6E0F00EE189F /* Products */ = {
			isa = PBXGroup;
			children = (
				3FFDAFF71F8A6E0F00EE189F /* WatermarkDemo.app */,
			);
			name = Products;
			sourceTree = "<group>";
		};
		3FFDAFF91F8A6E0F00EE189F /* WatermarkDemo */ = {
			isa = PBXGroup;
			children = (
				3FFDAFFA1F8A6E0F00EE189F /* AppDelegate.swift */,
				3FFDAFFC1F8A6E0F00EE189F /* ViewController.swift */,
				3FFDAFFE1F8A6E0F00EE189F /* Main.storyboard */,
				3FFDB0011F8A6E0F00EE189F /* Assets.xcassets */,
				3FFDB0031F8A6E0F00EE189F /* LaunchScreen.storyboard */,
				3FFDB0061F8A6E0F00EE189F /* Info.plist */,
				3FAF9BD31F8B1ED6009E679C /* UIImageWaterMark+Extension.swift */,
			);
			path = WatermarkDemo;
			sourceTree = "<group>";
		};
/* End PBXGroup section */

/* Begin PBXNativeTarget section */
		3FFDAFF61F8A6E0F00EE189F /* WatermarkDemo */ = {
			isa = PBXNativeTarget;
			buildConfigurationList = 3FFDB0091F8A6E0F00EE189F /* Build configuration list for PBXNativeTarget "WatermarkDemo" */;
			buildPhases = (
				3FFDAFF31F8A6E0F00EE189F /* Sources */,
				3FFDAFF41F8A6E0F00EE189F /* Frameworks */,
				3FFDAFF51F8A6E0F00EE189F /* Resources */,
			);
			buildRules = (
			);
			dependencies = (
			);
			name = WatermarkDemo;
			productName = WatermarkDemo;
			productReference = 3FFDAFF71F8A6E0F00EE189F /* WatermarkDemo.app */;
			productType = "com.apple.product-type.application";
		};
/* End PBXNativeTarget section */

/* Begin PBXProject section */
		3FFDAFEF1F8A6E0F00EE189F /* Project object */ = {
			isa = PBXProject;
			attributes = {
				LastSwiftUpdateCheck = 0900;
				LastUpgradeCheck = 0900;
				ORGANIZATIONNAME = "也许、";
				TargetAttributes = {
					3FFDAFF61F8A6E0F00EE189F = {
						CreatedOnToolsVersion = 9.0;
						ProvisioningStyle = Automatic;
					};
				};
			};
			buildConfigurationList = 3FFDAFF21F8A6E0F00EE189F /* Build configuration list for PBXProject "WatermarkDemo" */;
			compatibilityVersion = "Xcode 8.0";
			developmentRegion = en;
			hasScannedForEncodings = 0;
			knownRegions = (
				en,
				Base,
			);
			mainGroup = 3FFDAFEE1F8A6E0F00EE189F;
			productRefGroup = 3FFDAFF81F8A6E0F00EE189F /* Products */;
			projectDirPath = "";
			projectRoot = "";
			targets = (
				3FFDAFF61F8A6E0F00EE189F /* WatermarkDemo */,
			);
		};
/* End PBXProject section */

/* Begin PBXResourcesBuildPhase section */
		3FFDAFF51F8A6E0F00EE189F /* Resources */ = {
			isa = PBXResourcesBuildPhase;
			buildActionMask = 2147483647;
			files = (
				3FFDB0051F8A6E0F00EE189F /* LaunchScreen.storyboard in Resources */,
				3FFDB0021F8A6E0F00EE189F /* Assets.xcassets in Resources */,
				3FFDB0001F8A6E0F00EE189F /* Main.storyboard in Resources */,
			);
			runOnlyForDeploymentPostprocessing = 0;
		};
/* End PBXResourcesBuildPhase section */

/* Begin PBXSourcesBuildPhase section */
		3FFDAFF31F8A6E0F00EE189F /* Sources */ = {
			isa = PBXSourcesBuildPhase;
			buildActionMask = 2147483647;
			files = (
				3FAF9BD41F8B1ED6009E679C /* UIImageWaterMark+Extension.swift in Sources */,
				3FFDAFFD1F8A6E0F00EE189F /* ViewController.swift in Sources */,
				3FFDAFFB1F8A6E0F00EE189F /* AppDelegate.swift in Sources */,
			);
			runOnlyForDeploymentPostprocessing = 0;
		};
/* End PBXSourcesBuildPhase section */

/* Begin PBXVariantGroup section */
		3FFDAFFE1F8A6E0F00EE189F /* Main.storyboard */ = {
			isa = PBXVariantGroup;
			children = (
				3FFDAFFF1F8A6E0F00EE189F /* Base */,
			);
			name = Main.storyboard;
			sourceTree = "<group>";
		};
		3FFDB0031F8A6E0F00EE189F /* LaunchScreen.storyboard */ = {
			isa = PBXVariantGroup;
			children = (
				3FFDB0041F8A6E0F00EE189F /* Base */,
			);
			name = LaunchScreen.storyboard;
			sourceTree = "<group>";
		};
/* End PBXVariantGroup section */

/* Begin XCBuildConfiguration section */
		3FFDB0071F8A6E0F00EE189F /* Debug */ = {
			isa = XCBuildConfiguration;
			buildSettings = {
				ALWAYS_SEARCH_USER_PATHS = NO;
				CLANG_ANALYZER_NONNULL = YES;
				CLANG_ANALYZER_NUMBER_OBJECT_CONVERSION = YES_AGGRESSIVE;
				CLANG_CXX_LANGUAGE_STANDARD = "gnu++14";
				CLANG_CXX_LIBRARY = "libc++";
				CLANG_ENABLE_MODULES = YES;
				CLANG_ENABLE_OBJC_ARC = YES;
				CLANG_WARN_BLOCK_CAPTURE_AUTORELEASING = YES;
				CLANG_WARN_BOOL_CONVERSION = YES;
				CLANG_WARN_COMMA = YES;
				CLANG_WARN_CONSTANT_CONVERSION = YES;
				CLANG_WARN_DIRECT_OBJC_ISA_USAGE = YES_ERROR;
				CLANG_WARN_DOCUMENTATION_COMMENTS = YES;
				CLANG_WARN_EMPTY_BODY = YES;
				CLANG_WARN_ENUM_CONVERSION = YES;
				CLANG_WARN_INFINITE_RECURSION = YES;
				CLANG_WARN_INT_CONVERSION = YES;
				CLANG_WARN_NON_LITERAL_NULL_CONVERSION = YES;
				CLANG_WARN_OBJC_LITERAL_CONVERSION = YES;
				CLANG_WARN_OBJC_ROOT_CLASS = YES_ERROR;
				CLANG_WARN_RANGE_LOOP_ANALYSIS = YES;
				CLANG_WARN_STRICT_PROTOTYPES = YES;
				CLANG_WARN_SUSPICIOUS_MOVE = YES;
				CLANG_WARN_UNGUARDED_AVAILABILITY = YES_AGGRESSIVE;
				CLANG_WARN_UNREACHABLE_CODE = YES;
				CLANG_WARN__DUPLICATE_METHOD_MATCH = YES;
				CODE_SIGN_IDENTITY = "iPhone Developer";
				COPY_PHASE_STRIP = NO;
				DEBUG_INFORMATION_FORMAT = dwarf;
				ENABLE_STRICT_OBJC_MSGSEND = YES;
				ENABLE_TESTABILITY = YES;
				GCC_C_LANGUAGE_STANDARD = gnu11;
				GCC_DYNAMIC_NO_PIC = NO;
				GCC_NO_COMMON_BLOCKS = YES;
				GCC_OPTIMIZATION_LEVEL = 0;
				GCC_PREPROCESSOR_DEFINITIONS = (
					"DEBUG=1",
					"$(inherited)",
				);
				GCC_WARN_64_TO_32_BIT_CONVERSION = YES;
				GCC_WARN_ABOUT_RETURN_TYPE = YES_ERROR;
				GCC_WARN_UNDECLARED_SELECTOR = YES;
				GCC_WARN_UNINITIALIZED_AUTOS = YES_AGGRESSIVE;
				GCC_WARN_UNUSED_FUNCTION = YES;
				GCC_WARN_UNUSED_VARIABLE = YES;
				IPHONEOS_DEPLOYMENT_TARGET = 11.0;
				MTL_ENABLE_DEBUG_INFO = YES;
				ONLY_ACTIVE_ARCH = YES;
				SDKROOT = iphoneos;
				SWIFT_ACTIVE_COMPILATION_CONDITIONS = DEBUG;
				SWIFT_OPTIMIZATION_LEVEL = "-Onone";
			};
			name = Debug;
		};
		3FFDB0081F8A6E0F00EE189F /* Release */ = {
			isa = XCBuildConfiguration;
			buildSettings = {
				ALWAYS_SEARCH_USER_PATHS = NO;
				CLANG_ANALYZER_NONNULL = YES;
				CLANG_ANALYZER_NUMBER_OBJECT_CONVERSION = YES_AGGRESSIVE;
				CLANG_CXX_LANGUAGE_STANDARD = "gnu++14";
				CLANG_CXX_LIBRARY = "libc++";
				CLANG_ENABLE_MODULES = YES;
				CLANG_ENABLE_OBJC_ARC = YES;
				CLANG_WARN_BLOCK_CAPTURE_AUTORELEASING = YES;
				CLANG_WARN_BOOL_CONVERSION = YES;
				CLANG_WARN_COMMA = YES;
				CLANG_WARN_CONSTANT_CONVERSION = YES;
				CLANG_WARN_DIRECT_OBJC_ISA_USAGE = YES_ERROR;
				CLANG_WARN_DOCUMENTATION_COMMENTS = YES;
				CLANG_WARN_EMPTY_BODY = YES;
				CLANG_WARN_ENUM_CONVERSION = YES;
				CLANG_WARN_INFINITE_RECURSION = YES;
				CLANG_WARN_INT_CONVERSION = YES;
				CLANG_WARN_NON_LITERAL_NULL_CONVERSION = YES;
				CLANG_WARN_OBJC_LITERAL_CONVERSION = YES;
				CLANG_WARN_OBJC_ROOT_CLASS = YES_ERROR;
				CLANG_WARN_RANGE_LOOP_ANALYSIS = YES;
				CLANG_WARN_STRICT_PROTOTYPES = YES;
				CLANG_WARN_SUSPICIOUS_MOVE = YES;
				CLANG_WARN_UNGUARDED_AVAILABILITY = YES_AGGRESSIVE;
				CLANG_WARN_UNREACHABLE_CODE = YES;
				CLANG_WARN__DUPLICATE_METHOD_MATCH = YES;
				CODE_SIGN_IDENTITY = "iPhone Developer";
				COPY_PHASE_STRIP = NO;
				DEBUG_INFORMATION_FORMAT = "dwarf-with-dsym";
				ENABLE_NS_ASSERTIONS = NO;
				ENABLE_STRICT_OBJC_MSGSEND = YES;
				GCC_C_LANGUAGE_STANDARD = gnu11;
				GCC_NO_COMMON_BLOCKS = YES;
				GCC_WARN_64_TO_32_BIT_CONVERSION = YES;
				GCC_WARN_ABOUT_RETURN_TYPE = YES_ERROR;
				GCC_WARN_UNDECLARED_SELECTOR = YES;
				GCC_WARN_UNINITIALIZED_AUTOS = YES_AGGRESSIVE;
				GCC_WARN_UNUSED_FUNCTION = YES;
				GCC_WARN_UNUSED_VARIABLE = YES;
				IPHONEOS_DEPLOYMENT_TARGET = 11.0;
				MTL_ENABLE_DEBUG_INFO = NO;
				SDKROOT = iphoneos;
				SWIFT_OPTIMIZATION_LEVEL = "-Owholemodule";
				VALIDATE_PRODUCT = YES;
			};
			name = Release;
		};
		3FFDB00A1F8A6E0F00EE189F /* Debug */ = {
			isa = XCBuildConfiguration;
			buildSettings = {
				ASSETCATALOG_COMPILER_APPICON_NAME = AppIcon;
				CODE_SIGN_STYLE = Automatic;
				INFOPLIST_FILE = WatermarkDemo/Info.plist;
				LD_RUNPATH_SEARCH_PATHS = "$(inherited) @executable_path/Frameworks";
				PRODUCT_BUNDLE_IDENTIFIER = com.k.WatermarkDemo;
				PRODUCT_NAME = "$(TARGET_NAME)";
				SWIFT_VERSION = 4.0;
				TARGETED_DEVICE_FAMILY = "1,2";
			};
			name = Debug;
		};
		3FFDB00B1F8A6E0F00EE189F /* Release */ = {
			isa = XCBuildConfiguration;
			buildSettings = {
				ASSETCATALOG_COMPILER_APPICON_NAME = AppIcon;
				CODE_SIGN_STYLE = Automatic;
				INFOPLIST_FILE = WatermarkDemo/Info.plist;
				LD_RUNPATH_SEARCH_PATHS = "$(inherited) @executable_path/Frameworks";
				PRODUCT_BUNDLE_IDENTIFIER = com.k.WatermarkDemo;
				PRODUCT_NAME = "$(TARGET_NAME)";
				SWIFT_VERSION = 4.0;
				TARGETED_DEVICE_FAMILY = "1,2";
			};
			name = Release;
		};
/* End XCBuildConfiguration section */

/* Begin XCConfigurationList section */
		3FFDAFF21F8A6E0F00EE189F /* Build configuration list for PBXProject "WatermarkDemo" */ = {
			isa = XCConfigurationList;
			buildConfigurations = (
				3FFDB0071F8A6E0F00EE189F /* Debug */,
				3FFDB0081F8A6E0F00EE189F /* Release */,
			);
			defaultConfigurationIsVisible = 0;
			defaultConfigurationName = Release;
		};
		3FFDB0091F8A6E0F00EE189F /* Build configuration list for PBXNativeTarget "WatermarkDemo" */ = {
			isa = XCConfigurationList;
			buildConfigurations = (
				3FFDB00A1F8A6E0F00EE189F /* Debug */,
				3FFDB00B1F8A6E0F00EE189F /* Release */,
			);
			defaultConfigurationIsVisible = 0;
			defaultConfigurationName = Release;
		};
/* End XCConfigurationList section */
	};
	rootObject = 3FFDAFEF1F8A6E0F00EE189F /* Project object */;
}
